
Microsoft Visual Studio Solution File, Format Version 12.00
# Visual Studio Version 17
VisualStudioVersion = 17.5.33530.505
MinimumVisualStudioVersion = 10.0.40219.1
Project("{FAE04EC0-301F-11D3-BF4B-00C04F79EFBC}") = "FileEncryptorThingy", "FileEncryptorThingy.csproj", "{52DC9B85-6B46-43A1-9229-589F293DA9C5}"
EndProject
Project("{FAE04EC0-301F-11D3-BF4B-00C04F79EFBC}") = "FileEncryptorThingyTests", "..\FileEncryptorThingyTests\FileEncryptorThingyTests.csproj", "{0F15CD29-209D-4631-8BE2-1F614D8BF8AC}"
EndProject
Global
	GlobalSection(SolutionConfigurationPlatforms) = preSolution
		Debug|Any CPU = Debug|Any CPU
		Release|Any CPU = Release|Any CPU
	EndGlobalSection
	GlobalSection(ProjectConfigurationPlatforms) = postSolution
		{52DC9B85-6B46-43A1-9229-589F293DA9C5}.Debug|Any CPU.ActiveCfg = Debug|Any CPU
		{52DC9B85-6B46-43A1-9229-589F293DA9C5}.Debug|Any CPU.Build.0 = Debug|Any CPU
		{52DC9B85-6B46-43A1-9229-589F293DA9C5}.Release|Any CPU.ActiveCfg = Release|Any CPU
		{52DC9B85-6B46-43A1-9229-589F293DA9C5}.Release|Any CPU.Build.0 = Release|Any CPU
		{0F15CD29-209D-4631-8BE2-1F614D8BF8AC}.Debug|Any CPU.ActiveCfg = Debug|Any CPU
		{0F15CD29-209D-4631-8BE2-1F614D8BF8AC}.Debug|Any CPU.Build.0 = Debug|Any CPU
		{0F15CD29-209D-4631-8BE2-1F614D8BF8AC}.Release|Any CPU.ActiveCfg = Release|Any CPU
		{0F15CD29-209D-4631-8BE2-1F614D8BF8AC}.Release|Any CPU.Build.0 = Release|Any CPU
	EndGlobalSection
	GlobalSection(SolutionProperties) = preSolution
		HideSolutionNode = FALSE
	EndGlobalSection
	GlobalSection(ExtensibilityGlobals) = postSolution
		SolutionGuid = {823095FA-3CA1-400F-ABC6-8405FAA6EF87}
	EndGlobalSection
EndGlobal
